
Microsoft Visual Studio Solution File, Format Version 12.00
# Visual Studio 15
VisualStudioVersion = 15.0.28010.2046
MinimumVisualStudioVersion = 10.0.40219.1
Project("{FAE04EC0-301F-11D3-BF4B-00C04F79EFBC}") = "ManarMall", "ManarMall\ManarMall.csproj", "{00AAFA1B-BFB4-4BA7-8DB5-617D2854D8A9}"
EndProject
Global
	GlobalSection(SolutionConfigurationPlatforms) = preSolution
		Debug|Any CPU = Debug|Any CPU
		Release|Any CPU = Release|Any CPU
	EndGlobalSection
	GlobalSection(ProjectConfigurationPlatforms) = postSolution
		{00AAFA1B-BFB4-4BA7-8DB5-617D2854D8A9}.Debug|Any CPU.ActiveCfg = Debug|Any CPU
		{00AAFA1B-BFB4-4BA7-8DB5-617D2854D8A9}.Debug|Any CPU.Build.0 = Debug|Any CPU
		{00AAFA1B-BFB4-4BA7-8DB5-617D2854D8A9}.Release|Any CPU.ActiveCfg = Release|Any CPU
		{00AAFA1B-BFB4-4BA7-8DB5-617D2854D8A9}.Release|Any CPU.Build.0 = Release|Any CPU
	EndGlobalSection
	GlobalSection(SolutionProperties) = preSolution
		HideSolutionNode = FALSE
	EndGlobalSection
	GlobalSection(ExtensibilityGlobals) = postSolution
		SolutionGuid = {682A958E-DCFD-42DB-B09A-1891B8C7DC94}
	EndGlobalSection
EndGlobal
